// !$*UTF8*$!
{
	archiveVersion = 1;
	classes = {
	};
	objectVersion = 50;
	objects = {

/* Begin PBXBuildFile section */
		4767D16D227346A30066537E /* ColorTableDelegatee.swift in Sources */ = {isa = PBXBuildFile; fileRef = 4767D16C227346A30066537E /* ColorTableDelegatee.swift */; };
		479188D0227335F300E3DC81 /* PickColorViewController.swift in Sources */ = {isa = PBXBuildFile; fileRef = 479188CF227335F300E3DC81 /* PickColorViewController.swift */; };
		479188D322733FFE00E3DC81 /* ColorCell.swift in Sources */ = {isa = PBXBuildFile; fileRef = 479188D122733FFE00E3DC81 /* ColorCell.swift */; };
		479188D422733FFE00E3DC81 /* ColorCell.xib in Resources */ = {isa = PBXBuildFile; fileRef = 479188D222733FFE00E3DC81 /* ColorCell.xib */; };
		479D54A72270B3CB001640C9 /* AppDelegate.swift in Sources */ = {isa = PBXBuildFile; fileRef = 479D54A62270B3CB001640C9 /* AppDelegate.swift */; };
		479D54A92270B3CB001640C9 /* ViewController.swift in Sources */ = {isa = PBXBuildFile; fileRef = 479D54A82270B3CB001640C9 /* ViewController.swift */; };
		479D54AC2270B3CB001640C9 /* Main.storyboard in Resources */ = {isa = PBXBuildFile; fileRef = 479D54AA2270B3CB001640C9 /* Main.storyboard */; };
		479D54AE2270B3CC001640C9 /* Assets.xcassets in Resources */ = {isa = PBXBuildFile; fileRef = 479D54AD2270B3CC001640C9 /* Assets.xcassets */; };
		479D54B12270B3CC001640C9 /* LaunchScreen.storyboard in Resources */ = {isa = PBXBuildFile; fileRef = 479D54AF2270B3CC001640C9 /* LaunchScreen.storyboard */; };
		479D54BC2270B3CC001640C9 /* ColorboardTests.swift in Sources */ = {isa = PBXBuildFile; fileRef = 479D54BB2270B3CC001640C9 /* ColorboardTests.swift */; };
		479D54C72270B3CC001640C9 /* ColorboardUITests.swift in Sources */ = {isa = PBXBuildFile; fileRef = 479D54C62270B3CC001640C9 /* ColorboardUITests.swift */; };
		479D54D52270B7CD001640C9 /* ColorsViewController.swift in Sources */ = {isa = PBXBuildFile; fileRef = 479D54D42270B7CD001640C9 /* ColorsViewController.swift */; };
		479D54D72271F354001640C9 /* ColorsView.swift in Sources */ = {isa = PBXBuildFile; fileRef = 479D54D62271F354001640C9 /* ColorsView.swift */; };
		479D54DB22720416001640C9 /* Player.swift in Sources */ = {isa = PBXBuildFile; fileRef = 479D54DA22720416001640C9 /* Player.swift */; };
		47AB5B0F22731A7B00CF4C43 /* Element.swift in Sources */ = {isa = PBXBuildFile; fileRef = 47AB5B0E22731A7B00CF4C43 /* Element.swift */; };
		47AB5B1122731DF200CF4C43 /* UIColorExtension.swift in Sources */ = {isa = PBXBuildFile; fileRef = 47AB5B1022731DF200CF4C43 /* UIColorExtension.swift */; };
		47B4EB8A2273925600046BD0 /* ElementProtocol.swift in Sources */ = {isa = PBXBuildFile; fileRef = 47B4EB892273925600046BD0 /* ElementProtocol.swift */; };
		47B4EB8C227392DF00046BD0 /* ForestViewController.swift in Sources */ = {isa = PBXBuildFile; fileRef = 47B4EB8B227392DF00046BD0 /* ForestViewController.swift */; };
		47B4EB8E2273943D00046BD0 /* GardenViewController.swift in Sources */ = {isa = PBXBuildFile; fileRef = 47B4EB8D2273943D00046BD0 /* GardenViewController.swift */; };
/* End PBXBuildFile section */

/* Begin PBXContainerItemProxy section */
		479D54B82270B3CC001640C9 /* PBXContainerItemProxy */ = {
			isa = PBXContainerItemProxy;
			containerPortal = 479D549B2270B3CB001640C9 /* Project object */;
			proxyType = 1;
			remoteGlobalIDString = 479D54A22270B3CB001640C9;
			remoteInfo = Colorboard;
		};
		479D54C32270B3CC001640C9 /* PBXContainerItemProxy */ = {
			isa = PBXContainerItemProxy;
			containerPortal = 479D549B2270B3CB001640C9 /* Project object */;
			proxyType = 1;
			remoteGlobalIDString = 479D54A22270B3CB001640C9;
			remoteInfo = Colorboard;
		};
/* End PBXContainerItemProxy section */

/* Begin PBXFileReference section */
		4767D16C227346A30066537E /* ColorTableDelegatee.swift */ = {isa = PBXFileReference; lastKnownFileType = sourcecode.swift; path = ColorTableDelegatee.swift; sourceTree = "<group>"; };
		479188CF227335F300E3DC81 /* PickColorViewController.swift */ = {isa = PBXFileReference; lastKnownFileType = sourcecode.swift; path = PickColorViewController.swift; sourceTree = "<group>"; };
		479188D122733FFE00E3DC81 /* ColorCell.swift */ = {isa = PBXFileReference; lastKnownFileType = sourcecode.swift; path = ColorCell.swift; sourceTree = "<group>"; };
		479188D222733FFE00E3DC81 /* ColorCell.xib */ = {isa = PBXFileReference; lastKnownFileType = file.xib; path = ColorCell.xib; sourceTree = "<group>"; };
		479D54A32270B3CB001640C9 /* Colorboard.app */ = {isa = PBXFileReference; explicitFileType = wrapper.application; includeInIndex = 0; path = Colorboard.app; sourceTree = BUILT_PRODUCTS_DIR; };
		479D54A62270B3CB001640C9 /* AppDelegate.swift */ = {isa = PBXFileReference; lastKnownFileType = sourcecode.swift; path = AppDelegate.swift; sourceTree = "<group>"; };
		479D54A82270B3CB001640C9 /* ViewController.swift */ = {isa = PBXFileReference; lastKnownFileType = sourcecode.swift; path = ViewController.swift; sourceTree = "<group>"; };
		479D54AB2270B3CB001640C9 /* Base */ = {isa = PBXFileReference; lastKnownFileType = file.storyboard; name = Base; path = Base.lproj/Main.storyboard; sourceTree = "<group>"; };
		479D54AD2270B3CC001640C9 /* Assets.xcassets */ = {isa = PBXFileReference; lastKnownFileType = folder.assetcatalog; path = Assets.xcassets; sourceTree = "<group>"; };
		479D54B02270B3CC001640C9 /* Base */ = {isa = PBXFileReference; lastKnownFileType = file.storyboard; name = Base; path = Base.lproj/LaunchScreen.storyboard; sourceTree = "<group>"; };
		479D54B22270B3CC001640C9 /* Info.plist */ = {isa = PBXFileReference; lastKnownFileType = text.plist.xml; path = Info.plist; sourceTree = "<group>"; };
		479D54B72270B3CC001640C9 /* ColorboardTests.xctest */ = {isa = PBXFileReference; explicitFileType = wrapper.cfbundle; includeInIndex = 0; path = ColorboardTests.xctest; sourceTree = BUILT_PRODUCTS_DIR; };
		479D54BB2270B3CC001640C9 /* ColorboardTests.swift */ = {isa = PBXFileReference; lastKnownFileType = sourcecode.swift; path = ColorboardTests.swift; sourceTree = "<group>"; };
		479D54BD2270B3CC001640C9 /* Info.plist */ = {isa = PBXFileReference; lastKnownFileType = text.plist.xml; path = Info.plist; sourceTree = "<group>"; };
		479D54C22270B3CC001640C9 /* ColorboardUITests.xctest */ = {isa = PBXFileReference; explicitFileType = wrapper.cfbundle; includeInIndex = 0; path = ColorboardUITests.xctest; sourceTree = BUILT_PRODUCTS_DIR; };
		479D54C62270B3CC001640C9 /* ColorboardUITests.swift */ = {isa = PBXFileReference; lastKnownFileType = sourcecode.swift; path = ColorboardUITests.swift; sourceTree = "<group>"; };
		479D54C82270B3CC001640C9 /* Info.plist */ = {isa = PBXFileReference; lastKnownFileType = text.plist.xml; path = Info.plist; sourceTree = "<group>"; };
		479D54D42270B7CD001640C9 /* ColorsViewController.swift */ = {isa = PBXFileReference; lastKnownFileType = sourcecode.swift; path = ColorsViewController.swift; sourceTree = "<group>"; };
		479D54D62271F354001640C9 /* ColorsView.swift */ = {isa = PBXFileReference; lastKnownFileType = sourcecode.swift; path = ColorsView.swift; sourceTree = "<group>"; };
		479D54DA22720416001640C9 /* Player.swift */ = {isa = PBXFileReference; lastKnownFileType = sourcecode.swift; path = Player.swift; sourceTree = "<group>"; };
		47AB5B0E22731A7B00CF4C43 /* Element.swift */ = {isa = PBXFileReference; lastKnownFileType = sourcecode.swift; path = Element.swift; sourceTree = "<group>"; };
		47AB5B1022731DF200CF4C43 /* UIColorExtension.swift */ = {isa = PBXFileReference; lastKnownFileType = sourcecode.swift; path = UIColorExtension.swift; sourceTree = "<group>"; };
		47B4EB892273925600046BD0 /* ElementProtocol.swift */ = {isa = PBXFileReference; lastKnownFileType = sourcecode.swift; path = ElementProtocol.swift; sourceTree = "<group>"; };
		47B4EB8B227392DF00046BD0 /* ForestViewController.swift */ = {isa = PBXFileReference; lastKnownFileType = sourcecode.swift; path = ForestViewController.swift; sourceTree = "<group>"; };
		47B4EB8D2273943D00046BD0 /* GardenViewController.swift */ = {isa = PBXFileReference; lastKnownFileType = sourcecode.swift; path = GardenViewController.swift; sourceTree = "<group>"; };
/* End PBXFileReference section */

/* Begin PBXFrameworksBuildPhase section */
		479D54A02270B3CB001640C9 /* Frameworks */ = {
			isa = PBXFrameworksBuildPhase;
			buildActionMask = 2147483647;
			files = (
			);
			runOnlyForDeploymentPostprocessing = 0;
		};
		479D54B42270B3CC001640C9 /* Frameworks */ = {
			isa = PBXFrameworksBuildPhase;
			buildActionMask = 2147483647;
			files = (
			);
			runOnlyForDeploymentPostprocessing = 0;
		};
		479D54BF2270B3CC001640C9 /* Frameworks */ = {
			isa = PBXFrameworksBuildPhase;
			buildActionMask = 2147483647;
			files = (
			);
			runOnlyForDeploymentPostprocessing = 0;
		};
/* End PBXFrameworksBuildPhase section */

/* Begin PBXGroup section */
		479D549A2270B3CB001640C9 = {
			isa = PBXGroup;
			children = (
				479D54A52270B3CB001640C9 /* Colorboard */,
				479D54BA2270B3CC001640C9 /* ColorboardTests */,
				479D54C52270B3CC001640C9 /* ColorboardUITests */,
				479D54A42270B3CB001640C9 /* Products */,
			);
			sourceTree = "<group>";
		};
		479D54A42270B3CB001640C9 /* Products */ = {
			isa = PBXGroup;
			children = (
				479D54A32270B3CB001640C9 /* Colorboard.app */,
				479D54B72270B3CC001640C9 /* ColorboardTests.xctest */,
				479D54C22270B3CC001640C9 /* ColorboardUITests.xctest */,
			);
			name = Products;
			sourceTree = "<group>";
		};
		479D54A52270B3CB001640C9 /* Colorboard */ = {
			isa = PBXGroup;
			children = (
				479D54A62270B3CB001640C9 /* AppDelegate.swift */,
				479D54A82270B3CB001640C9 /* ViewController.swift */,
				479D54AA2270B3CB001640C9 /* Main.storyboard */,
				479D54AD2270B3CC001640C9 /* Assets.xcassets */,
				479D54AF2270B3CC001640C9 /* LaunchScreen.storyboard */,
				479D54B22270B3CC001640C9 /* Info.plist */,
				479D54D42270B7CD001640C9 /* ColorsViewController.swift */,
				479D54D62271F354001640C9 /* ColorsView.swift */,
				479D54DA22720416001640C9 /* Player.swift */,
				47AB5B0E22731A7B00CF4C43 /* Element.swift */,
				47AB5B1022731DF200CF4C43 /* UIColorExtension.swift */,
				479188CF227335F300E3DC81 /* PickColorViewController.swift */,
				479188D122733FFE00E3DC81 /* ColorCell.swift */,
				479188D222733FFE00E3DC81 /* ColorCell.xib */,
				4767D16C227346A30066537E /* ColorTableDelegatee.swift */,
				47B4EB892273925600046BD0 /* ElementProtocol.swift */,
				47B4EB8B227392DF00046BD0 /* ForestViewController.swift */,
				47B4EB8D2273943D00046BD0 /* GardenViewController.swift */,
			);
			path = Colorboard;
			sourceTree = "<group>";
		};
		479D54BA2270B3CC001640C9 /* ColorboardTests */ = {
			isa = PBXGroup;
			children = (
				479D54BB2270B3CC001640C9 /* ColorboardTests.swift */,
				479D54BD2270B3CC001640C9 /* Info.plist */,
			);
			path = ColorboardTests;
			sourceTree = "<group>";
		};
		479D54C52270B3CC001640C9 /* ColorboardUITests */ = {
			isa = PBXGroup;
			children = (
				479D54C62270B3CC001640C9 /* ColorboardUITests.swift */,
				479D54C82270B3CC001640C9 /* Info.plist */,
			);
			path = ColorboardUITests;
			sourceTree = "<group>";
		};
/* End PBXGroup section */

/* Begin PBXNativeTarget section */
		479D54A22270B3CB001640C9 /* Colorboard */ = {
			isa = PBXNativeTarget;
			buildConfigurationList = 479D54CB2270B3CC001640C9 /* Build configuration list for PBXNativeTarget "Colorboard" */;
			buildPhases = (
				479D549F2270B3CB001640C9 /* Sources */,
				479D54A02270B3CB001640C9 /* Frameworks */,
				479D54A12270B3CB001640C9 /* Resources */,
			);
			buildRules = (
			);
			dependencies = (
			);
			name = Colorboard;
			productName = Colorboard;
			productReference = 479D54A32270B3CB001640C9 /* Colorboard.app */;
			productType = "com.apple.product-type.application";
		};
		479D54B62270B3CC001640C9 /* ColorboardTests */ = {
			isa = PBXNativeTarget;
			buildConfigurationList = 479D54CE2270B3CC001640C9 /* Build configuration list for PBXNativeTarget "ColorboardTests" */;
			buildPhases = (
				479D54B32270B3CC001640C9 /* Sources */,
				479D54B42270B3CC001640C9 /* Frameworks */,
				479D54B52270B3CC001640C9 /* Resources */,
			);
			buildRules = (
			);
			dependencies = (
				479D54B92270B3CC001640C9 /* PBXTargetDependency */,
			);
			name = ColorboardTests;
			productName = ColorboardTests;
			productReference = 479D54B72270B3CC001640C9 /* ColorboardTests.xctest */;
			productType = "com.apple.product-type.bundle.unit-test";
		};
		479D54C12270B3CC001640C9 /* ColorboardUITests */ = {
			isa = PBXNativeTarget;
			buildConfigurationList = 479D54D12270B3CC001640C9 /* Build configuration list for PBXNativeTarget "ColorboardUITests" */;
			buildPhases = (
				479D54BE2270B3CC001640C9 /* Sources */,
				479D54BF2270B3CC001640C9 /* Frameworks */,
				479D54C02270B3CC001640C9 /* Resources */,
			);
			buildRules = (
			);
			dependencies = (
				479D54C42270B3CC001640C9 /* PBXTargetDependency */,
			);
			name = ColorboardUITests;
			productName = ColorboardUITests;
			productReference = 479D54C22270B3CC001640C9 /* ColorboardUITests.xctest */;
			productType = "com.apple.product-type.bundle.ui-testing";
		};
/* End PBXNativeTarget section */

/* Begin PBXProject section */
		479D549B2270B3CB001640C9 /* Project object */ = {
			isa = PBXProject;
			attributes = {
				LastSwiftUpdateCheck = 1020;
				LastUpgradeCheck = 1020;
				ORGANIZATIONNAME = "Enzo Maruffa Moreira";
				TargetAttributes = {
					479D54A22270B3CB001640C9 = {
						CreatedOnToolsVersion = 10.2.1;
					};
					479D54B62270B3CC001640C9 = {
						CreatedOnToolsVersion = 10.2.1;
						TestTargetID = 479D54A22270B3CB001640C9;
					};
					479D54C12270B3CC001640C9 = {
						CreatedOnToolsVersion = 10.2.1;
						TestTargetID = 479D54A22270B3CB001640C9;
					};
				};
			};
			buildConfigurationList = 479D549E2270B3CB001640C9 /* Build configuration list for PBXProject "Colorboard" */;
			compatibilityVersion = "Xcode 9.3";
			developmentRegion = en;
			hasScannedForEncodings = 0;
			knownRegions = (
				en,
				Base,
			);
			mainGroup = 479D549A2270B3CB001640C9;
			productRefGroup = 479D54A42270B3CB001640C9 /* Products */;
			projectDirPath = "";
			projectRoot = "";
			targets = (
				479D54A22270B3CB001640C9 /* Colorboard */,
				479D54B62270B3CC001640C9 /* ColorboardTests */,
				479D54C12270B3CC001640C9 /* ColorboardUITests */,
			);
		};
/* End PBXProject section */

/* Begin PBXResourcesBuildPhase section */
		479D54A12270B3CB001640C9 /* Resources */ = {
			isa = PBXResourcesBuildPhase;
			buildActionMask = 2147483647;
			files = (
				479D54B12270B3CC001640C9 /* LaunchScreen.storyboard in Resources */,
				479188D422733FFE00E3DC81 /* ColorCell.xib in Resources */,
				479D54AE2270B3CC001640C9 /* Assets.xcassets in Resources */,
				479D54AC2270B3CB001640C9 /* Main.storyboard in Resources */,
			);
			runOnlyForDeploymentPostprocessing = 0;
		};
		479D54B52270B3CC001640C9 /* Resources */ = {
			isa = PBXResourcesBuildPhase;
			buildActionMask = 2147483647;
			files = (
			);
			runOnlyForDeploymentPostprocessing = 0;
		};
		479D54C02270B3CC001640C9 /* Resources */ = {
			isa = PBXResourcesBuildPhase;
			buildActionMask = 2147483647;
			files = (
			);
			runOnlyForDeploymentPostprocessing = 0;
		};
/* End PBXResourcesBuildPhase section */

/* Begin PBXSourcesBuildPhase section */
		479D549F2270B3CB001640C9 /* Sources */ = {
			isa = PBXSourcesBuildPhase;
			buildActionMask = 2147483647;
			files = (
				479D54D72271F354001640C9 /* ColorsView.swift in Sources */,
				47AB5B1122731DF200CF4C43 /* UIColorExtension.swift in Sources */,
				479188D322733FFE00E3DC81 /* ColorCell.swift in Sources */,
				47B4EB8C227392DF00046BD0 /* ForestViewController.swift in Sources */,
				47B4EB8A2273925600046BD0 /* ElementProtocol.swift in Sources */,
				479D54A92270B3CB001640C9 /* ViewController.swift in Sources */,
				47AB5B0F22731A7B00CF4C43 /* Element.swift in Sources */,
				4767D16D227346A30066537E /* ColorTableDelegatee.swift in Sources */,
				479D54D52270B7CD001640C9 /* ColorsViewController.swift in Sources */,
				479188D0227335F300E3DC81 /* PickColorViewController.swift in Sources */,
				479D54DB22720416001640C9 /* Player.swift in Sources */,
				479D54A72270B3CB001640C9 /* AppDelegate.swift in Sources */,
				47B4EB8E2273943D00046BD0 /* GardenViewController.swift in Sources */,
			);
			runOnlyForDeploymentPostprocessing = 0;
		};
		479D54B32270B3CC001640C9 /* Sources */ = {
			isa = PBXSourcesBuildPhase;
			buildActionMask = 2147483647;
			files = (
				479D54BC2270B3CC001640C9 /* ColorboardTests.swift in Sources */,
			);
			runOnlyForDeploymentPostprocessing = 0;
		};
		479D54BE2270B3CC001640C9 /* Sources */ = {
			isa = PBXSourcesBuildPhase;
			buildActionMask = 2147483647;
			files = (
				479D54C72270B3CC001640C9 /* ColorboardUITests.swift in Sources */,
			);
			runOnlyForDeploymentPostprocessing = 0;
		};
/* End PBXSourcesBuildPhase section */

/* Begin PBXTargetDependency section */
		479D54B92270B3CC001640C9 /* PBXTargetDependency */ = {
			isa = PBXTargetDependency;
			target = 479D54A22270B3CB001640C9 /* Colorboard */;
			targetProxy = 479D54B82270B3CC001640C9 /* PBXContainerItemProxy */;
		};
		479D54C42270B3CC001640C9 /* PBXTargetDependency */ = {
			isa = PBXTargetDependency;
			target = 479D54A22270B3CB001640C9 /* Colorboard */;
			targetProxy = 479D54C32270B3CC001640C9 /* PBXContainerItemProxy */;
		};
/* End PBXTargetDependency section */

/* Begin PBXVariantGroup section */
		479D54AA2270B3CB001640C9 /* Main.storyboard */ = {
			isa = PBXVariantGroup;
			children = (
				479D54AB2270B3CB001640C9 /* Base */,
			);
			name = Main.storyboard;
			sourceTree = "<group>";
		};
		479D54AF2270B3CC001640C9 /* LaunchScreen.storyboard */ = {
			isa = PBXVariantGroup;
			children = (
				479D54B02270B3CC001640C9 /* Base */,
			);
			name = LaunchScreen.storyboard;
			sourceTree = "<group>";
		};
/* End PBXVariantGroup section */

/* Begin XCBuildConfiguration section */
		479D54C92270B3CC001640C9 /* Debug */ = {
			isa = XCBuildConfiguration;
			buildSettings = {
				ALWAYS_SEARCH_USER_PATHS = NO;
				CLANG_ANALYZER_NONNULL = YES;
				CLANG_ANALYZER_NUMBER_OBJECT_CONVERSION = YES_AGGRESSIVE;
				CLANG_CXX_LANGUAGE_STANDARD = "gnu++14";
				CLANG_CXX_LIBRARY = "libc++";
				CLANG_ENABLE_MODULES = YES;
				CLANG_ENABLE_OBJC_ARC = YES;
				CLANG_ENABLE_OBJC_WEAK = YES;
				CLANG_WARN_BLOCK_CAPTURE_AUTORELEASING = YES;
				CLANG_WARN_BOOL_CONVERSION = YES;
				CLANG_WARN_COMMA = YES;
				CLANG_WARN_CONSTANT_CONVERSION = YES;
				CLANG_WARN_DEPRECATED_OBJC_IMPLEMENTATIONS = YES;
				CLANG_WARN_DIRECT_OBJC_ISA_USAGE = YES_ERROR;
				CLANG_WARN_DOCUMENTATION_COMMENTS = YES;
				CLANG_WARN_EMPTY_BODY = YES;
				CLANG_WARN_ENUM_CONVERSION = YES;
				CLANG_WARN_INFINITE_RECURSION = YES;
				CLANG_WARN_INT_CONVERSION = YES;
				CLANG_WARN_NON_LITERAL_NULL_CONVERSION = YES;
				CLANG_WARN_OBJC_IMPLICIT_RETAIN_SELF = YES;
				CLANG_WARN_OBJC_LITERAL_CONVERSION = YES;
				CLANG_WARN_OBJC_ROOT_CLASS = YES_ERROR;
				CLANG_WARN_RANGE_LOOP_ANALYSIS = YES;
				CLANG_WARN_STRICT_PROTOTYPES = YES;
				CLANG_WARN_SUSPICIOUS_MOVE = YES;
				CLANG_WARN_UNGUARDED_AVAILABILITY = YES_AGGRESSIVE;
				CLANG_WARN_UNREACHABLE_CODE = YES;
				CLANG_WARN__DUPLICATE_METHOD_MATCH = YES;
				CODE_SIGN_IDENTITY = "iPhone Developer";
				COPY_PHASE_STRIP = NO;
				DEBUG_INFORMATION_FORMAT = dwarf;
				ENABLE_STRICT_OBJC_MSGSEND = YES;
				ENABLE_TESTABILITY = YES;
				GCC_C_LANGUAGE_STANDARD = gnu11;
				GCC_DYNAMIC_NO_PIC = NO;
				GCC_NO_COMMON_BLOCKS = YES;
				GCC_OPTIMIZATION_LEVEL = 0;
				GCC_PREPROCESSOR_DEFINITIONS = (
					"DEBUG=1",
					"$(inherited)",
				);
				GCC_WARN_64_TO_32_BIT_CONVERSION = YES;
				GCC_WARN_ABOUT_RETURN_TYPE = YES_ERROR;
				GCC_WARN_UNDECLARED_SELECTOR = YES;
				GCC_WARN_UNINITIALIZED_AUTOS = YES_AGGRESSIVE;
				GCC_WARN_UNUSED_FUNCTION = YES;
				GCC_WARN_UNUSED_VARIABLE = YES;
				IPHONEOS_DEPLOYMENT_TARGET = 12.2;
				MTL_ENABLE_DEBUG_INFO = INCLUDE_SOURCE;
				MTL_FAST_MATH = YES;
				ONLY_ACTIVE_ARCH = YES;
				SDKROOT = iphoneos;
				SWIFT_ACTIVE_COMPILATION_CONDITIONS = DEBUG;
				SWIFT_OPTIMIZATION_LEVEL = "-Onone";
			};
			name = Debug;
		};
		479D54CA2270B3CC001640C9 /* Release */ = {
			isa = XCBuildConfiguration;
			buildSettings = {
				ALWAYS_SEARCH_USER_PATHS = NO;
				CLANG_ANALYZER_NONNULL = YES;
				CLANG_ANALYZER_NUMBER_OBJECT_CONVERSION = YES_AGGRESSIVE;
				CLANG_CXX_LANGUAGE_STANDARD = "gnu++14";
				CLANG_CXX_LIBRARY = "libc++";
				CLANG_ENABLE_MODULES = YES;
				CLANG_ENABLE_OBJC_ARC = YES;
				CLANG_ENABLE_OBJC_WEAK = YES;
				CLANG_WARN_BLOCK_CAPTURE_AUTORELEASING = YES;
				CLANG_WARN_BOOL_CONVERSION = YES;
				CLANG_WARN_COMMA = YES;
				CLANG_WARN_CONSTANT_CONVERSION = YES;
				CLANG_WARN_DEPRECATED_OBJC_IMPLEMENTATIONS = YES;
				CLANG_WARN_DIRECT_OBJC_ISA_USAGE = YES_ERROR;
				CLANG_WARN_DOCUMENTATION_COMMENTS = YES;
				CLANG_WARN_EMPTY_BODY = YES;
				CLANG_WARN_ENUM_CONVERSION = YES;
				CLANG_WARN_INFINITE_RECURSION = YES;
				CLANG_WARN_INT_CONVERSION = YES;
				CLANG_WARN_NON_LITERAL_NULL_CONVERSION = YES;
				CLANG_WARN_OBJC_IMPLICIT_RETAIN_SELF = YES;
				CLANG_WARN_OBJC_LITERAL_CONVERSION = YES;
				CLANG_WARN_OBJC_ROOT_CLASS = YES_ERROR;
				CLANG_WARN_RANGE_LOOP_ANALYSIS = YES;
				CLANG_WARN_STRICT_PROTOTYPES = YES;
				CLANG_WARN_SUSPICIOUS_MOVE = YES;
				CLANG_WARN_UNGUARDED_AVAILABILITY = YES_AGGRESSIVE;
				CLANG_WARN_UNREACHABLE_CODE = YES;
				CLANG_WARN__DUPLICATE_METHOD_MATCH = YES;
				CODE_SIGN_IDENTITY = "iPhone Developer";
				COPY_PHASE_STRIP = NO;
				DEBUG_INFORMATION_FORMAT = "dwarf-with-dsym";
				ENABLE_NS_ASSERTIONS = NO;
				ENABLE_STRICT_OBJC_MSGSEND = YES;
				GCC_C_LANGUAGE_STANDARD = gnu11;
				GCC_NO_COMMON_BLOCKS = YES;
				GCC_WARN_64_TO_32_BIT_CONVERSION = YES;
				GCC_WARN_ABOUT_RETURN_TYPE = YES_ERROR;
				GCC_WARN_UNDECLARED_SELECTOR = YES;
				GCC_WARN_UNINITIALIZED_AUTOS = YES_AGGRESSIVE;
				GCC_WARN_UNUSED_FUNCTION = YES;
				GCC_WARN_UNUSED_VARIABLE = YES;
				IPHONEOS_DEPLOYMENT_TARGET = 12.2;
				MTL_ENABLE_DEBUG_INFO = NO;
				MTL_FAST_MATH = YES;
				SDKROOT = iphoneos;
				SWIFT_COMPILATION_MODE = wholemodule;
				SWIFT_OPTIMIZATION_LEVEL = "-O";
				VALIDATE_PRODUCT = YES;
			};
			name = Release;
		};
		479D54CC2270B3CC001640C9 /* Debug */ = {
			isa = XCBuildConfiguration;
			buildSettings = {
				ASSETCATALOG_COMPILER_APPICON_NAME = AppIcon;
				CODE_SIGN_STYLE = Automatic;
				DEVELOPMENT_TEAM = D9FBK2WPJX;
				INFOPLIST_FILE = Colorboard/Info.plist;
				LD_RUNPATH_SEARCH_PATHS = (
					"$(inherited)",
					"@executable_path/Frameworks",
				);
				PRODUCT_BUNDLE_IDENTIFIER = com.crashcourse19.colorboard.Colorboard;
				PRODUCT_NAME = "$(TARGET_NAME)";
				SWIFT_VERSION = 5.0;
				TARGETED_DEVICE_FAMILY = "1,2";
			};
			name = Debug;
		};
		479D54CD2270B3CC001640C9 /* Release */ = {
			isa = XCBuildConfiguration;
			buildSettings = {
				ASSETCATALOG_COMPILER_APPICON_NAME = AppIcon;
				CODE_SIGN_STYLE = Automatic;
				DEVELOPMENT_TEAM = D9FBK2WPJX;
				INFOPLIST_FILE = Colorboard/Info.plist;
				LD_RUNPATH_SEARCH_PATHS = (
					"$(inherited)",
					"@executable_path/Frameworks",
				);
				PRODUCT_BUNDLE_IDENTIFIER = com.crashcourse19.colorboard.Colorboard;
				PRODUCT_NAME = "$(TARGET_NAME)";
				SWIFT_VERSION = 5.0;
				TARGETED_DEVICE_FAMILY = "1,2";
			};
			name = Release;
		};
		479D54CF2270B3CC001640C9 /* Debug */ = {
			isa = XCBuildConfiguration;
			buildSettings = {
				ALWAYS_EMBED_SWIFT_STANDARD_LIBRARIES = YES;
				BUNDLE_LOADER = "$(TEST_HOST)";
				CODE_SIGN_STYLE = Automatic;
				DEVELOPMENT_TEAM = D9FBK2WPJX;
				INFOPLIST_FILE = ColorboardTests/Info.plist;
				LD_RUNPATH_SEARCH_PATHS = (
					"$(inherited)",
					"@executable_path/Frameworks",
					"@loader_path/Frameworks",
				);
				PRODUCT_BUNDLE_IDENTIFIER = com.crashcourse19.colorboard.ColorboardTests;
				PRODUCT_NAME = "$(TARGET_NAME)";
				SWIFT_VERSION = 5.0;
				TARGETED_DEVICE_FAMILY = "1,2";
				TEST_HOST = "$(BUILT_PRODUCTS_DIR)/Colorboard.app/Colorboard";
			};
			name = Debug;
		};
		479D54D02270B3CC001640C9 /* Release */ = {
			isa = XCBuildConfiguration;
			buildSettings = {
				ALWAYS_EMBED_SWIFT_STANDARD_LIBRARIES = YES;
				BUNDLE_LOADER = "$(TEST_HOST)";
				CODE_SIGN_STYLE = Automatic;
				DEVELOPMENT_TEAM = D9FBK2WPJX;
				INFOPLIST_FILE = ColorboardTests/Info.plist;
				LD_RUNPATH_SEARCH_PATHS = (
					"$(inherited)",
					"@executable_path/Frameworks",
					"@loader_path/Frameworks",
				);
				PRODUCT_BUNDLE_IDENTIFIER = com.crashcourse19.colorboard.ColorboardTests;
				PRODUCT_NAME = "$(TARGET_NAME)";
				SWIFT_VERSION = 5.0;
				TARGETED_DEVICE_FAMILY = "1,2";
				TEST_HOST = "$(BUILT_PRODUCTS_DIR)/Colorboard.app/Colorboard";
			};
			name = Release;
		};
		479D54D22270B3CC001640C9 /* Debug */ = {
			isa = XCBuildConfiguration;
			buildSettings = {
				ALWAYS_EMBED_SWIFT_STANDARD_LIBRARIES = YES;
				CODE_SIGN_STYLE = Automatic;
				DEVELOPMENT_TEAM = D9FBK2WPJX;
				INFOPLIST_FILE = ColorboardUITests/Info.plist;
				LD_RUNPATH_SEARCH_PATHS = (
					"$(inherited)",
					"@executable_path/Frameworks",
					"@loader_path/Frameworks",
				);
				PRODUCT_BUNDLE_IDENTIFIER = com.crashcourse19.colorboard.ColorboardUITests;
				PRODUCT_NAME = "$(TARGET_NAME)";
				SWIFT_VERSION = 5.0;
				TARGETED_DEVICE_FAMILY = "1,2";
				TEST_TARGET_NAME = Colorboard;
			};
			name = Debug;
		};
		479D54D32270B3CC001640C9 /* Release */ = {
			isa = XCBuildConfiguration;
			buildSettings = {
				ALWAYS_EMBED_SWIFT_STANDARD_LIBRARIES = YES;
				CODE_SIGN_STYLE = Automatic;
				DEVELOPMENT_TEAM = D9FBK2WPJX;
				INFOPLIST_FILE = ColorboardUITests/Info.plist;
				LD_RUNPATH_SEARCH_PATHS = (
					"$(inherited)",
					"@executable_path/Frameworks",
					"@loader_path/Frameworks",
				);
				PRODUCT_BUNDLE_IDENTIFIER = com.crashcourse19.colorboard.ColorboardUITests;
				PRODUCT_NAME = "$(TARGET_NAME)";
				SWIFT_VERSION = 5.0;
				TARGETED_DEVICE_FAMILY = "1,2";
				TEST_TARGET_NAME = Colorboard;
			};
			name = Release;
		};
/* End XCBuildConfiguration section */

/* Begin XCConfigurationList section */
		479D549E2270B3CB001640C9 /* Build configuration list for PBXProject "Colorboard" */ = {
			isa = XCConfigurationList;
			buildConfigurations = (
				479D54C92270B3CC001640C9 /* Debug */,
				479D54CA2270B3CC001640C9 /* Release */,
			);
			defaultConfigurationIsVisible = 0;
			defaultConfigurationName = Release;
		};
		479D54CB2270B3CC001640C9 /* Build configuration list for PBXNativeTarget "Colorboard" */ = {
			isa = XCConfigurationList;
			buildConfigurations = (
				479D54CC2270B3CC001640C9 /* Debug */,
				479D54CD2270B3CC001640C9 /* Release */,
			);
			defaultConfigurationIsVisible = 0;
			defaultConfigurationName = Release;
		};
		479D54CE2270B3CC001640C9 /* Build configuration list for PBXNativeTarget "ColorboardTests" */ = {
			isa = XCConfigurationList;
			buildConfigurations = (
				479D54CF2270B3CC001640C9 /* Debug */,
				479D54D02270B3CC001640C9 /* Release */,
			);
			defaultConfigurationIsVisible = 0;
			defaultConfigurationName = Release;
		};
		479D54D12270B3CC001640C9 /* Build configuration list for PBXNativeTarget "ColorboardUITests" */ = {
			isa = XCConfigurationList;
			buildConfigurations = (
				479D54D22270B3CC001640C9 /* Debug */,
				479D54D32270B3CC001640C9 /* Release */,
			);
			defaultConfigurationIsVisible = 0;
			defaultConfigurationName = Release;
		};
/* End XCConfigurationList section */
	};
	rootObject = 479D549B2270B3CB001640C9 /* Project object */;
}
